
Microsoft Visual Studio Solution File, Format Version 12.00
# Visual Studio Version 16
VisualStudioVersion = 16.0.31005.135
MinimumVisualStudioVersion = 10.0.40219.1
Project("{FAE04EC0-301F-11D3-BF4B-00C04F79EFBC}") = "HomeWork_5", "HomeWork_5.csproj", "{C1E3B615-7600-4695-B2A2-5F6799F02577}"
EndProject
Global
	GlobalSection(SolutionConfigurationPlatforms) = preSolution
		Debug|Any CPU = Debug|Any CPU
		Release|Any CPU = Release|Any CPU
	EndGlobalSection
	GlobalSection(ProjectConfigurationPlatforms) = postSolution
		{C1E3B615-7600-4695-B2A2-5F6799F02577}.Debug|Any CPU.ActiveCfg = Debug|Any CPU
		{C1E3B615-7600-4695-B2A2-5F6799F02577}.Debug|Any CPU.Build.0 = Debug|Any CPU
		{C1E3B615-7600-4695-B2A2-5F6799F02577}.Release|Any CPU.ActiveCfg = Release|Any CPU
		{C1E3B615-7600-4695-B2A2-5F6799F02577}.Release|Any CPU.Build.0 = Release|Any CPU
	EndGlobalSection
	GlobalSection(SolutionProperties) = preSolution
		HideSolutionNode = FALSE
	EndGlobalSection
	GlobalSection(ExtensibilityGlobals) = postSolution
		SolutionGuid = {FB912D9D-EBAB-43EF-B427-8D60D8B54AED}
	EndGlobalSection
EndGlobal
